
Microsoft Visual Studio Solution File, Format Version 12.00
# Visual Studio Version 16
VisualStudioVersion = 16.0.32228.343
MinimumVisualStudioVersion = 10.0.40219.1
Project("{FAE04EC0-301F-11D3-BF4B-00C04F79EFBC}") = "ConsoleApp", "ConsoleApp\ConsoleApp.csproj", "{F370BAFE-6476-4FB2-B77D-9BEA39FA8189}"
EndProject
Project("{FAE04EC0-301F-11D3-BF4B-00C04F79EFBC}") = "TestProject1", "TestProject1\TestProject1.csproj", "{A4BA629F-CD9A-4E6E-84A2-6701A5BF7A6E}"
EndProject
Global
	GlobalSection(SolutionConfigurationPlatforms) = preSolution
		Debug|Any CPU = Debug|Any CPU
		Release|Any CPU = Release|Any CPU
	EndGlobalSection
	GlobalSection(ProjectConfigurationPlatforms) = postSolution
		{F370BAFE-6476-4FB2-B77D-9BEA39FA8189}.Debug|Any CPU.ActiveCfg = Debug|Any CPU
		{F370BAFE-6476-4FB2-B77D-9BEA39FA8189}.Debug|Any CPU.Build.0 = Debug|Any CPU
		{F370BAFE-6476-4FB2-B77D-9BEA39FA8189}.Release|Any CPU.ActiveCfg = Release|Any CPU
		{F370BAFE-6476-4FB2-B77D-9BEA39FA8189}.Release|Any CPU.Build.0 = Release|Any CPU
		{A4BA629F-CD9A-4E6E-84A2-6701A5BF7A6E}.Debug|Any CPU.ActiveCfg = Debug|Any CPU
		{A4BA629F-CD9A-4E6E-84A2-6701A5BF7A6E}.Debug|Any CPU.Build.0 = Debug|Any CPU
		{A4BA629F-CD9A-4E6E-84A2-6701A5BF7A6E}.Release|Any CPU.ActiveCfg = Release|Any CPU
		{A4BA629F-CD9A-4E6E-84A2-6701A5BF7A6E}.Release|Any CPU.Build.0 = Release|Any CPU
	EndGlobalSection
	GlobalSection(SolutionProperties) = preSolution
		HideSolutionNode = FALSE
	EndGlobalSection
	GlobalSection(ExtensibilityGlobals) = postSolution
		SolutionGuid = {78ADE067-492F-4E3D-B8D7-67A66C96AEF5}
	EndGlobalSection
EndGlobal
